
Microsoft Visual Studio Solution File, Format Version 12.00
# Visual Studio Version 16
VisualStudioVersion = 16.0.30114.105
MinimumVisualStudioVersion = 10.0.40219.1
Project("{FAE04EC0-301F-11D3-BF4B-00C04F79EFBC}") = "data", "data\data.csproj", "{CD0FF341-A66E-4481-B4E4-2588F9B282FA}"
EndProject
Project("{FAE04EC0-301F-11D3-BF4B-00C04F79EFBC}") = "api", "api\api.csproj", "{A3CA040D-67C7-40F9-B04F-FE83CE448465}"
EndProject
Project("{FAE04EC0-301F-11D3-BF4B-00C04F79EFBC}") = "application", "application\application.csproj", "{5C6EE577-F7AD-4E9B-AD71-831AC9DBC98C}"
EndProject
Project("{FAE04EC0-301F-11D3-BF4B-00C04F79EFBC}") = "presentation", "presentation\presentation.csproj", "{4F31938F-E0F6-4CA3-AD90-8137302E6B53}"
EndProject
Global
	GlobalSection(SolutionConfigurationPlatforms) = preSolution
		Debug|Any CPU = Debug|Any CPU
		Release|Any CPU = Release|Any CPU
	EndGlobalSection
	GlobalSection(SolutionProperties) = preSolution
		HideSolutionNode = FALSE
	EndGlobalSection
	GlobalSection(ProjectConfigurationPlatforms) = postSolution
		{CD0FF341-A66E-4481-B4E4-2588F9B282FA}.Debug|Any CPU.ActiveCfg = Debug|Any CPU
		{CD0FF341-A66E-4481-B4E4-2588F9B282FA}.Debug|Any CPU.Build.0 = Debug|Any CPU
		{CD0FF341-A66E-4481-B4E4-2588F9B282FA}.Release|Any CPU.ActiveCfg = Release|Any CPU
		{CD0FF341-A66E-4481-B4E4-2588F9B282FA}.Release|Any CPU.Build.0 = Release|Any CPU
		{A3CA040D-67C7-40F9-B04F-FE83CE448465}.Debug|Any CPU.ActiveCfg = Debug|Any CPU
		{A3CA040D-67C7-40F9-B04F-FE83CE448465}.Debug|Any CPU.Build.0 = Debug|Any CPU
		{A3CA040D-67C7-40F9-B04F-FE83CE448465}.Release|Any CPU.ActiveCfg = Release|Any CPU
		{A3CA040D-67C7-40F9-B04F-FE83CE448465}.Release|Any CPU.Build.0 = Release|Any CPU
		{5C6EE577-F7AD-4E9B-AD71-831AC9DBC98C}.Debug|Any CPU.ActiveCfg = Debug|Any CPU
		{5C6EE577-F7AD-4E9B-AD71-831AC9DBC98C}.Debug|Any CPU.Build.0 = Debug|Any CPU
		{5C6EE577-F7AD-4E9B-AD71-831AC9DBC98C}.Release|Any CPU.ActiveCfg = Release|Any CPU
		{5C6EE577-F7AD-4E9B-AD71-831AC9DBC98C}.Release|Any CPU.Build.0 = Release|Any CPU
		{4F31938F-E0F6-4CA3-AD90-8137302E6B53}.Debug|Any CPU.ActiveCfg = Debug|Any CPU
		{4F31938F-E0F6-4CA3-AD90-8137302E6B53}.Debug|Any CPU.Build.0 = Debug|Any CPU
		{4F31938F-E0F6-4CA3-AD90-8137302E6B53}.Release|Any CPU.ActiveCfg = Release|Any CPU
		{4F31938F-E0F6-4CA3-AD90-8137302E6B53}.Release|Any CPU.Build.0 = Release|Any CPU
	EndGlobalSection
EndGlobal
